
Microsoft Visual Studio Solution File, Format Version 12.00
# Visual Studio Version 16
VisualStudioVersion = 16.0.29409.12
MinimumVisualStudioVersion = 10.0.40219.1
Project("{9A19103F-16F7-4668-BE54-9A1E7A4F7556}") = "1_task", "1_task\1_task.csproj", "{2D4C5436-CB71-494D-8561-713E03529FA3}"
EndProject
Project("{9A19103F-16F7-4668-BE54-9A1E7A4F7556}") = "2_task", "2_task\2_task.csproj", "{9F706103-BA29-474C-B9B5-3B86BAAEF929}"
EndProject
Project("{9A19103F-16F7-4668-BE54-9A1E7A4F7556}") = "3_task", "3_task\3_task.csproj", "{E3AE1182-E482-46A1-8639-C085B0A3647F}"
EndProject
Project("{FAE04EC0-301F-11D3-BF4B-00C04F79EFBC}") = "4_task", "4_task\4_task.csproj", "{CF9B07D5-24D5-4D6A-82D0-B8F1D608A7C0}"
EndProject
Project("{FAE04EC0-301F-11D3-BF4B-00C04F79EFBC}") = "5_task", "5_task\5_task.csproj", "{0F2E4327-FCFB-4BD1-AB39-40DCD221F11A}"
EndProject
Project("{FAE04EC0-301F-11D3-BF4B-00C04F79EFBC}") = "6_task", "6_task\6_task.csproj", "{77217BC0-BE9E-4C0A-89B5-79FBB38F82B1}"
EndProject
Project("{FAE04EC0-301F-11D3-BF4B-00C04F79EFBC}") = "7_task", "7_task\7_task.csproj", "{CEC0B613-2C16-4673-85D6-2134BC0CDDC8}"
EndProject
Global
	GlobalSection(SolutionConfigurationPlatforms) = preSolution
		Debug|Any CPU = Debug|Any CPU
		Release|Any CPU = Release|Any CPU
	EndGlobalSection
	GlobalSection(ProjectConfigurationPlatforms) = postSolution
		{2D4C5436-CB71-494D-8561-713E03529FA3}.Debug|Any CPU.ActiveCfg = Debug|Any CPU
		{2D4C5436-CB71-494D-8561-713E03529FA3}.Debug|Any CPU.Build.0 = Debug|Any CPU
		{2D4C5436-CB71-494D-8561-713E03529FA3}.Release|Any CPU.ActiveCfg = Release|Any CPU
		{2D4C5436-CB71-494D-8561-713E03529FA3}.Release|Any CPU.Build.0 = Release|Any CPU
		{9F706103-BA29-474C-B9B5-3B86BAAEF929}.Debug|Any CPU.ActiveCfg = Debug|Any CPU
		{9F706103-BA29-474C-B9B5-3B86BAAEF929}.Debug|Any CPU.Build.0 = Debug|Any CPU
		{9F706103-BA29-474C-B9B5-3B86BAAEF929}.Release|Any CPU.ActiveCfg = Release|Any CPU
		{9F706103-BA29-474C-B9B5-3B86BAAEF929}.Release|Any CPU.Build.0 = Release|Any CPU
		{E3AE1182-E482-46A1-8639-C085B0A3647F}.Debug|Any CPU.ActiveCfg = Debug|Any CPU
		{E3AE1182-E482-46A1-8639-C085B0A3647F}.Debug|Any CPU.Build.0 = Debug|Any CPU
		{E3AE1182-E482-46A1-8639-C085B0A3647F}.Release|Any CPU.ActiveCfg = Release|Any CPU
		{E3AE1182-E482-46A1-8639-C085B0A3647F}.Release|Any CPU.Build.0 = Release|Any CPU
		{CF9B07D5-24D5-4D6A-82D0-B8F1D608A7C0}.Debug|Any CPU.ActiveCfg = Debug|Any CPU
		{CF9B07D5-24D5-4D6A-82D0-B8F1D608A7C0}.Debug|Any CPU.Build.0 = Debug|Any CPU
		{CF9B07D5-24D5-4D6A-82D0-B8F1D608A7C0}.Release|Any CPU.ActiveCfg = Release|Any CPU
		{CF9B07D5-24D5-4D6A-82D0-B8F1D608A7C0}.Release|Any CPU.Build.0 = Release|Any CPU
		{0F2E4327-FCFB-4BD1-AB39-40DCD221F11A}.Debug|Any CPU.ActiveCfg = Debug|Any CPU
		{0F2E4327-FCFB-4BD1-AB39-40DCD221F11A}.Debug|Any CPU.Build.0 = Debug|Any CPU
		{0F2E4327-FCFB-4BD1-AB39-40DCD221F11A}.Release|Any CPU.ActiveCfg = Release|Any CPU
		{0F2E4327-FCFB-4BD1-AB39-40DCD221F11A}.Release|Any CPU.Build.0 = Release|Any CPU
		{77217BC0-BE9E-4C0A-89B5-79FBB38F82B1}.Debug|Any CPU.ActiveCfg = Debug|Any CPU
		{77217BC0-BE9E-4C0A-89B5-79FBB38F82B1}.Debug|Any CPU.Build.0 = Debug|Any CPU
		{77217BC0-BE9E-4C0A-89B5-79FBB38F82B1}.Release|Any CPU.ActiveCfg = Release|Any CPU
		{77217BC0-BE9E-4C0A-89B5-79FBB38F82B1}.Release|Any CPU.Build.0 = Release|Any CPU
		{CEC0B613-2C16-4673-85D6-2134BC0CDDC8}.Debug|Any CPU.ActiveCfg = Debug|Any CPU
		{CEC0B613-2C16-4673-85D6-2134BC0CDDC8}.Debug|Any CPU.Build.0 = Debug|Any CPU
		{CEC0B613-2C16-4673-85D6-2134BC0CDDC8}.Release|Any CPU.ActiveCfg = Release|Any CPU
		{CEC0B613-2C16-4673-85D6-2134BC0CDDC8}.Release|Any CPU.Build.0 = Release|Any CPU
	EndGlobalSection
	GlobalSection(SolutionProperties) = preSolution
		HideSolutionNode = FALSE
	EndGlobalSection
	GlobalSection(ExtensibilityGlobals) = postSolution
		SolutionGuid = {23FB525E-5504-442D-BF11-33FAEFF5635E}
	EndGlobalSection
EndGlobal
