
Microsoft Visual Studio Solution File, Format Version 12.00
# Visual Studio Version 16
VisualStudioVersion = 16.0.29409.12
MinimumVisualStudioVersion = 10.0.40219.1
Project("{FAE04EC0-301F-11D3-BF4B-00C04F79EFBC}") = "Work_with_the_console", "Work_with_the_console\Work_with_the_console.csproj", "{2D4C5436-CB71-494D-8561-713E03529FA3}"
EndProject
Global
	GlobalSection(SolutionConfigurationPlatforms) = preSolution
		Debug|Any CPU = Debug|Any CPU
		Release|Any CPU = Release|Any CPU
	EndGlobalSection
	GlobalSection(ProjectConfigurationPlatforms) = postSolution
		{2D4C5436-CB71-494D-8561-713E03529FA3}.Debug|Any CPU.ActiveCfg = Debug|Any CPU
		{2D4C5436-CB71-494D-8561-713E03529FA3}.Debug|Any CPU.Build.0 = Debug|Any CPU
		{2D4C5436-CB71-494D-8561-713E03529FA3}.Release|Any CPU.ActiveCfg = Release|Any CPU
		{2D4C5436-CB71-494D-8561-713E03529FA3}.Release|Any CPU.Build.0 = Release|Any CPU
	EndGlobalSection
	GlobalSection(SolutionProperties) = preSolution
		HideSolutionNode = FALSE
	EndGlobalSection
	GlobalSection(ExtensibilityGlobals) = postSolution
		SolutionGuid = {23FB525E-5504-442D-BF11-33FAEFF5635E}
	EndGlobalSection
EndGlobal
