
Microsoft Visual Studio Solution File, Format Version 12.00
# Visual Studio Version 16
VisualStudioVersion = 16.0.29409.12
MinimumVisualStudioVersion = 10.0.40219.1
Project("{9A19103F-16F7-4668-BE54-9A1E7A4F7556}") = "1_task", "1_task\1_task.csproj", "{2D4C5436-CB71-494D-8561-713E03529FA3}"
EndProject
Project("{9A19103F-16F7-4668-BE54-9A1E7A4F7556}") = "2_task", "2_task\2_task.csproj", "{9F706103-BA29-474C-B9B5-3B86BAAEF929}"
EndProject
Project("{9A19103F-16F7-4668-BE54-9A1E7A4F7556}") = "3_task", "3_task\3_task.csproj", "{E3AE1182-E482-46A1-8639-C085B0A3647F}"
EndProject
Project("{9A19103F-16F7-4668-BE54-9A1E7A4F7556}") = "4_task", "4_task\4_task.csproj", "{CF9B07D5-24D5-4D6A-82D0-B8F1D608A7C0}"
EndProject
Project("{9A19103F-16F7-4668-BE54-9A1E7A4F7556}") = "5_task", "5_task\5_task.csproj", "{0F2E4327-FCFB-4BD1-AB39-40DCD221F11A}"
EndProject
Project("{9A19103F-16F7-4668-BE54-9A1E7A4F7556}") = "6_task", "6_task\6_task.csproj", "{77217BC0-BE9E-4C0A-89B5-79FBB38F82B1}"
EndProject
Project("{9A19103F-16F7-4668-BE54-9A1E7A4F7556}") = "7_task", "7_task\7_task.csproj", "{CEC0B613-2C16-4673-85D6-2134BC0CDDC8}"
EndProject
Project("{9A19103F-16F7-4668-BE54-9A1E7A4F7556}") = "8_task", "8_task\8_task.csproj", "{015A5434-ABAA-4E99-911B-EA2642EEB669}"
EndProject
Project("{9A19103F-16F7-4668-BE54-9A1E7A4F7556}") = "9_task", "9_task\9_task.csproj", "{9B688C25-516E-4FB3-A6B1-C45ECA6D1BFB}"
EndProject
Project("{9A19103F-16F7-4668-BE54-9A1E7A4F7556}") = "10_task", "10_task\10_task.csproj", "{602E07DC-638A-4677-8F78-BC02AEA23D91}"
EndProject
Project("{9A19103F-16F7-4668-BE54-9A1E7A4F7556}") = "11_task", "11_task\11_task.csproj", "{55362293-AE04-450D-8A19-FA8C375DDDDA}"
EndProject
Project("{9A19103F-16F7-4668-BE54-9A1E7A4F7556}") = "12_task", "12_task\12_task.csproj", "{77785529-9D13-440A-86C1-716F7D412C2E}"
EndProject
Project("{9A19103F-16F7-4668-BE54-9A1E7A4F7556}") = "13_task", "13_task\13_task.csproj", "{296336DD-6535-49EA-8143-5AA8436983FE}"
EndProject
Project("{9A19103F-16F7-4668-BE54-9A1E7A4F7556}") = "14_task", "14_task\14_task.csproj", "{DE155CE9-84F6-431F-968B-77B2CA19FC26}"
EndProject
Project("{9A19103F-16F7-4668-BE54-9A1E7A4F7556}") = "15_task", "15_task\15_task.csproj", "{F8F72C6B-38AB-46DF-867D-EABF9DFC2D6C}"
EndProject
Project("{9A19103F-16F7-4668-BE54-9A1E7A4F7556}") = "16_task", "16_task\16_task.csproj", "{35075E9F-9AB9-4C25-B360-4E662774DD9A}"
EndProject
Project("{9A19103F-16F7-4668-BE54-9A1E7A4F7556}") = "17_task", "17_task\17_task.csproj", "{FB316A51-48A0-4B27-AF9B-C606C6E4596D}"
EndProject
Project("{9A19103F-16F7-4668-BE54-9A1E7A4F7556}") = "18_task", "18_task\18_task.csproj", "{7CE6F974-BE2E-49BF-AC4E-138EC91A0720}"
EndProject
Project("{9A19103F-16F7-4668-BE54-9A1E7A4F7556}") = "19_task", "19_task\19_task.csproj", "{50C995EC-415F-4CB3-99DF-182E143400CE}"
EndProject
Project("{9A19103F-16F7-4668-BE54-9A1E7A4F7556}") = "20_task", "20_task\20_task.csproj", "{5DFE3F41-1479-4E53-A6C5-AB33BDB2C4BC}"
EndProject
Project("{FAE04EC0-301F-11D3-BF4B-00C04F79EFBC}") = "21_task", "21_task\21_task.csproj", "{6F626834-01B0-44F8-BD21-C9AC0EF590C4}"
EndProject
Project("{FAE04EC0-301F-11D3-BF4B-00C04F79EFBC}") = "22_task", "22_task\22_task.csproj", "{6211A662-B11C-4AA5-9966-BF382800F92C}"
EndProject
Project("{FAE04EC0-301F-11D3-BF4B-00C04F79EFBC}") = "23_task", "23_task\23_task.csproj", "{F90BD6F9-8C35-48D8-9182-5B2045FCCE76}"
EndProject
Project("{FAE04EC0-301F-11D3-BF4B-00C04F79EFBC}") = "24_task", "24_task\24_task.csproj", "{63B0B059-DB85-4928-A446-2D412FFCDD70}"
EndProject
Project("{FAE04EC0-301F-11D3-BF4B-00C04F79EFBC}") = "25_task", "25_task\25_task.csproj", "{A56AAC4D-B3C5-4535-A3D7-9B7538FC63F9}"
EndProject
Project("{FAE04EC0-301F-11D3-BF4B-00C04F79EFBC}") = "26_task", "26_task\26_task.csproj", "{3588927A-777B-46A4-8252-318D9F88AF47}"
EndProject
Project("{FAE04EC0-301F-11D3-BF4B-00C04F79EFBC}") = "27_task", "27_task\27_task.csproj", "{14E5E9DC-74E4-4273-A71B-9FE741452418}"
EndProject
Project("{FAE04EC0-301F-11D3-BF4B-00C04F79EFBC}") = "28_task", "28_task\28_task.csproj", "{DF626F7E-2103-4904-B532-ED9460E71FAC}"
EndProject
Project("{FAE04EC0-301F-11D3-BF4B-00C04F79EFBC}") = "29_task", "29_task\29_task.csproj", "{86D19F69-E8FB-4AB4-84BA-327BC59CCB36}"
EndProject
Project("{FAE04EC0-301F-11D3-BF4B-00C04F79EFBC}") = "30_task", "30_task\30_task.csproj", "{45188A82-0258-4118-86FF-B8474188A295}"
EndProject
Project("{FAE04EC0-301F-11D3-BF4B-00C04F79EFBC}") = "31_task", "31_task\31_task.csproj", "{2840C384-7EFA-4D46-846C-90F83D2B77F2}"
EndProject
Global
	GlobalSection(SolutionConfigurationPlatforms) = preSolution
		Debug|Any CPU = Debug|Any CPU
		Release|Any CPU = Release|Any CPU
	EndGlobalSection
	GlobalSection(ProjectConfigurationPlatforms) = postSolution
		{2D4C5436-CB71-494D-8561-713E03529FA3}.Debug|Any CPU.ActiveCfg = Debug|Any CPU
		{2D4C5436-CB71-494D-8561-713E03529FA3}.Debug|Any CPU.Build.0 = Debug|Any CPU
		{2D4C5436-CB71-494D-8561-713E03529FA3}.Release|Any CPU.ActiveCfg = Release|Any CPU
		{2D4C5436-CB71-494D-8561-713E03529FA3}.Release|Any CPU.Build.0 = Release|Any CPU
		{9F706103-BA29-474C-B9B5-3B86BAAEF929}.Debug|Any CPU.ActiveCfg = Debug|Any CPU
		{9F706103-BA29-474C-B9B5-3B86BAAEF929}.Debug|Any CPU.Build.0 = Debug|Any CPU
		{9F706103-BA29-474C-B9B5-3B86BAAEF929}.Release|Any CPU.ActiveCfg = Release|Any CPU
		{9F706103-BA29-474C-B9B5-3B86BAAEF929}.Release|Any CPU.Build.0 = Release|Any CPU
		{E3AE1182-E482-46A1-8639-C085B0A3647F}.Debug|Any CPU.ActiveCfg = Debug|Any CPU
		{E3AE1182-E482-46A1-8639-C085B0A3647F}.Debug|Any CPU.Build.0 = Debug|Any CPU
		{E3AE1182-E482-46A1-8639-C085B0A3647F}.Release|Any CPU.ActiveCfg = Release|Any CPU
		{E3AE1182-E482-46A1-8639-C085B0A3647F}.Release|Any CPU.Build.0 = Release|Any CPU
		{CF9B07D5-24D5-4D6A-82D0-B8F1D608A7C0}.Debug|Any CPU.ActiveCfg = Debug|Any CPU
		{CF9B07D5-24D5-4D6A-82D0-B8F1D608A7C0}.Debug|Any CPU.Build.0 = Debug|Any CPU
		{CF9B07D5-24D5-4D6A-82D0-B8F1D608A7C0}.Release|Any CPU.ActiveCfg = Release|Any CPU
		{CF9B07D5-24D5-4D6A-82D0-B8F1D608A7C0}.Release|Any CPU.Build.0 = Release|Any CPU
		{0F2E4327-FCFB-4BD1-AB39-40DCD221F11A}.Debug|Any CPU.ActiveCfg = Debug|Any CPU
		{0F2E4327-FCFB-4BD1-AB39-40DCD221F11A}.Debug|Any CPU.Build.0 = Debug|Any CPU
		{0F2E4327-FCFB-4BD1-AB39-40DCD221F11A}.Release|Any CPU.ActiveCfg = Release|Any CPU
		{0F2E4327-FCFB-4BD1-AB39-40DCD221F11A}.Release|Any CPU.Build.0 = Release|Any CPU
		{77217BC0-BE9E-4C0A-89B5-79FBB38F82B1}.Debug|Any CPU.ActiveCfg = Debug|Any CPU
		{77217BC0-BE9E-4C0A-89B5-79FBB38F82B1}.Debug|Any CPU.Build.0 = Debug|Any CPU
		{77217BC0-BE9E-4C0A-89B5-79FBB38F82B1}.Release|Any CPU.ActiveCfg = Release|Any CPU
		{77217BC0-BE9E-4C0A-89B5-79FBB38F82B1}.Release|Any CPU.Build.0 = Release|Any CPU
		{CEC0B613-2C16-4673-85D6-2134BC0CDDC8}.Debug|Any CPU.ActiveCfg = Debug|Any CPU
		{CEC0B613-2C16-4673-85D6-2134BC0CDDC8}.Debug|Any CPU.Build.0 = Debug|Any CPU
		{CEC0B613-2C16-4673-85D6-2134BC0CDDC8}.Release|Any CPU.ActiveCfg = Release|Any CPU
		{CEC0B613-2C16-4673-85D6-2134BC0CDDC8}.Release|Any CPU.Build.0 = Release|Any CPU
		{015A5434-ABAA-4E99-911B-EA2642EEB669}.Debug|Any CPU.ActiveCfg = Debug|Any CPU
		{015A5434-ABAA-4E99-911B-EA2642EEB669}.Debug|Any CPU.Build.0 = Debug|Any CPU
		{015A5434-ABAA-4E99-911B-EA2642EEB669}.Release|Any CPU.ActiveCfg = Release|Any CPU
		{015A5434-ABAA-4E99-911B-EA2642EEB669}.Release|Any CPU.Build.0 = Release|Any CPU
		{9B688C25-516E-4FB3-A6B1-C45ECA6D1BFB}.Debug|Any CPU.ActiveCfg = Debug|Any CPU
		{9B688C25-516E-4FB3-A6B1-C45ECA6D1BFB}.Debug|Any CPU.Build.0 = Debug|Any CPU
		{9B688C25-516E-4FB3-A6B1-C45ECA6D1BFB}.Release|Any CPU.ActiveCfg = Release|Any CPU
		{9B688C25-516E-4FB3-A6B1-C45ECA6D1BFB}.Release|Any CPU.Build.0 = Release|Any CPU
		{602E07DC-638A-4677-8F78-BC02AEA23D91}.Debug|Any CPU.ActiveCfg = Debug|Any CPU
		{602E07DC-638A-4677-8F78-BC02AEA23D91}.Debug|Any CPU.Build.0 = Debug|Any CPU
		{602E07DC-638A-4677-8F78-BC02AEA23D91}.Release|Any CPU.ActiveCfg = Release|Any CPU
		{602E07DC-638A-4677-8F78-BC02AEA23D91}.Release|Any CPU.Build.0 = Release|Any CPU
		{55362293-AE04-450D-8A19-FA8C375DDDDA}.Debug|Any CPU.ActiveCfg = Debug|Any CPU
		{55362293-AE04-450D-8A19-FA8C375DDDDA}.Debug|Any CPU.Build.0 = Debug|Any CPU
		{55362293-AE04-450D-8A19-FA8C375DDDDA}.Release|Any CPU.ActiveCfg = Release|Any CPU
		{55362293-AE04-450D-8A19-FA8C375DDDDA}.Release|Any CPU.Build.0 = Release|Any CPU
		{77785529-9D13-440A-86C1-716F7D412C2E}.Debug|Any CPU.ActiveCfg = Debug|Any CPU
		{77785529-9D13-440A-86C1-716F7D412C2E}.Debug|Any CPU.Build.0 = Debug|Any CPU
		{77785529-9D13-440A-86C1-716F7D412C2E}.Release|Any CPU.ActiveCfg = Release|Any CPU
		{77785529-9D13-440A-86C1-716F7D412C2E}.Release|Any CPU.Build.0 = Release|Any CPU
		{296336DD-6535-49EA-8143-5AA8436983FE}.Debug|Any CPU.ActiveCfg = Debug|Any CPU
		{296336DD-6535-49EA-8143-5AA8436983FE}.Debug|Any CPU.Build.0 = Debug|Any CPU
		{296336DD-6535-49EA-8143-5AA8436983FE}.Release|Any CPU.ActiveCfg = Release|Any CPU
		{296336DD-6535-49EA-8143-5AA8436983FE}.Release|Any CPU.Build.0 = Release|Any CPU
		{DE155CE9-84F6-431F-968B-77B2CA19FC26}.Debug|Any CPU.ActiveCfg = Debug|Any CPU
		{DE155CE9-84F6-431F-968B-77B2CA19FC26}.Debug|Any CPU.Build.0 = Debug|Any CPU
		{DE155CE9-84F6-431F-968B-77B2CA19FC26}.Release|Any CPU.ActiveCfg = Release|Any CPU
		{DE155CE9-84F6-431F-968B-77B2CA19FC26}.Release|Any CPU.Build.0 = Release|Any CPU
		{F8F72C6B-38AB-46DF-867D-EABF9DFC2D6C}.Debug|Any CPU.ActiveCfg = Debug|Any CPU
		{F8F72C6B-38AB-46DF-867D-EABF9DFC2D6C}.Debug|Any CPU.Build.0 = Debug|Any CPU
		{F8F72C6B-38AB-46DF-867D-EABF9DFC2D6C}.Release|Any CPU.ActiveCfg = Release|Any CPU
		{F8F72C6B-38AB-46DF-867D-EABF9DFC2D6C}.Release|Any CPU.Build.0 = Release|Any CPU
		{35075E9F-9AB9-4C25-B360-4E662774DD9A}.Debug|Any CPU.ActiveCfg = Debug|Any CPU
		{35075E9F-9AB9-4C25-B360-4E662774DD9A}.Debug|Any CPU.Build.0 = Debug|Any CPU
		{35075E9F-9AB9-4C25-B360-4E662774DD9A}.Release|Any CPU.ActiveCfg = Release|Any CPU
		{35075E9F-9AB9-4C25-B360-4E662774DD9A}.Release|Any CPU.Build.0 = Release|Any CPU
		{FB316A51-48A0-4B27-AF9B-C606C6E4596D}.Debug|Any CPU.ActiveCfg = Debug|Any CPU
		{FB316A51-48A0-4B27-AF9B-C606C6E4596D}.Debug|Any CPU.Build.0 = Debug|Any CPU
		{FB316A51-48A0-4B27-AF9B-C606C6E4596D}.Release|Any CPU.ActiveCfg = Release|Any CPU
		{FB316A51-48A0-4B27-AF9B-C606C6E4596D}.Release|Any CPU.Build.0 = Release|Any CPU
		{7CE6F974-BE2E-49BF-AC4E-138EC91A0720}.Debug|Any CPU.ActiveCfg = Debug|Any CPU
		{7CE6F974-BE2E-49BF-AC4E-138EC91A0720}.Debug|Any CPU.Build.0 = Debug|Any CPU
		{7CE6F974-BE2E-49BF-AC4E-138EC91A0720}.Release|Any CPU.ActiveCfg = Release|Any CPU
		{7CE6F974-BE2E-49BF-AC4E-138EC91A0720}.Release|Any CPU.Build.0 = Release|Any CPU
		{50C995EC-415F-4CB3-99DF-182E143400CE}.Debug|Any CPU.ActiveCfg = Debug|Any CPU
		{50C995EC-415F-4CB3-99DF-182E143400CE}.Debug|Any CPU.Build.0 = Debug|Any CPU
		{50C995EC-415F-4CB3-99DF-182E143400CE}.Release|Any CPU.ActiveCfg = Release|Any CPU
		{50C995EC-415F-4CB3-99DF-182E143400CE}.Release|Any CPU.Build.0 = Release|Any CPU
		{5DFE3F41-1479-4E53-A6C5-AB33BDB2C4BC}.Debug|Any CPU.ActiveCfg = Debug|Any CPU
		{5DFE3F41-1479-4E53-A6C5-AB33BDB2C4BC}.Debug|Any CPU.Build.0 = Debug|Any CPU
		{5DFE3F41-1479-4E53-A6C5-AB33BDB2C4BC}.Release|Any CPU.ActiveCfg = Release|Any CPU
		{5DFE3F41-1479-4E53-A6C5-AB33BDB2C4BC}.Release|Any CPU.Build.0 = Release|Any CPU
		{6F626834-01B0-44F8-BD21-C9AC0EF590C4}.Debug|Any CPU.ActiveCfg = Debug|Any CPU
		{6F626834-01B0-44F8-BD21-C9AC0EF590C4}.Debug|Any CPU.Build.0 = Debug|Any CPU
		{6F626834-01B0-44F8-BD21-C9AC0EF590C4}.Release|Any CPU.ActiveCfg = Release|Any CPU
		{6F626834-01B0-44F8-BD21-C9AC0EF590C4}.Release|Any CPU.Build.0 = Release|Any CPU
		{6211A662-B11C-4AA5-9966-BF382800F92C}.Debug|Any CPU.ActiveCfg = Debug|Any CPU
		{6211A662-B11C-4AA5-9966-BF382800F92C}.Debug|Any CPU.Build.0 = Debug|Any CPU
		{6211A662-B11C-4AA5-9966-BF382800F92C}.Release|Any CPU.ActiveCfg = Release|Any CPU
		{6211A662-B11C-4AA5-9966-BF382800F92C}.Release|Any CPU.Build.0 = Release|Any CPU
		{F90BD6F9-8C35-48D8-9182-5B2045FCCE76}.Debug|Any CPU.ActiveCfg = Debug|Any CPU
		{F90BD6F9-8C35-48D8-9182-5B2045FCCE76}.Debug|Any CPU.Build.0 = Debug|Any CPU
		{F90BD6F9-8C35-48D8-9182-5B2045FCCE76}.Release|Any CPU.ActiveCfg = Release|Any CPU
		{F90BD6F9-8C35-48D8-9182-5B2045FCCE76}.Release|Any CPU.Build.0 = Release|Any CPU
		{63B0B059-DB85-4928-A446-2D412FFCDD70}.Debug|Any CPU.ActiveCfg = Debug|Any CPU
		{63B0B059-DB85-4928-A446-2D412FFCDD70}.Debug|Any CPU.Build.0 = Debug|Any CPU
		{63B0B059-DB85-4928-A446-2D412FFCDD70}.Release|Any CPU.ActiveCfg = Release|Any CPU
		{63B0B059-DB85-4928-A446-2D412FFCDD70}.Release|Any CPU.Build.0 = Release|Any CPU
		{A56AAC4D-B3C5-4535-A3D7-9B7538FC63F9}.Debug|Any CPU.ActiveCfg = Debug|Any CPU
		{A56AAC4D-B3C5-4535-A3D7-9B7538FC63F9}.Debug|Any CPU.Build.0 = Debug|Any CPU
		{A56AAC4D-B3C5-4535-A3D7-9B7538FC63F9}.Release|Any CPU.ActiveCfg = Release|Any CPU
		{A56AAC4D-B3C5-4535-A3D7-9B7538FC63F9}.Release|Any CPU.Build.0 = Release|Any CPU
		{3588927A-777B-46A4-8252-318D9F88AF47}.Debug|Any CPU.ActiveCfg = Debug|Any CPU
		{3588927A-777B-46A4-8252-318D9F88AF47}.Debug|Any CPU.Build.0 = Debug|Any CPU
		{3588927A-777B-46A4-8252-318D9F88AF47}.Release|Any CPU.ActiveCfg = Release|Any CPU
		{3588927A-777B-46A4-8252-318D9F88AF47}.Release|Any CPU.Build.0 = Release|Any CPU
		{14E5E9DC-74E4-4273-A71B-9FE741452418}.Debug|Any CPU.ActiveCfg = Debug|Any CPU
		{14E5E9DC-74E4-4273-A71B-9FE741452418}.Debug|Any CPU.Build.0 = Debug|Any CPU
		{14E5E9DC-74E4-4273-A71B-9FE741452418}.Release|Any CPU.ActiveCfg = Release|Any CPU
		{14E5E9DC-74E4-4273-A71B-9FE741452418}.Release|Any CPU.Build.0 = Release|Any CPU
		{DF626F7E-2103-4904-B532-ED9460E71FAC}.Debug|Any CPU.ActiveCfg = Debug|Any CPU
		{DF626F7E-2103-4904-B532-ED9460E71FAC}.Debug|Any CPU.Build.0 = Debug|Any CPU
		{DF626F7E-2103-4904-B532-ED9460E71FAC}.Release|Any CPU.ActiveCfg = Release|Any CPU
		{DF626F7E-2103-4904-B532-ED9460E71FAC}.Release|Any CPU.Build.0 = Release|Any CPU
		{86D19F69-E8FB-4AB4-84BA-327BC59CCB36}.Debug|Any CPU.ActiveCfg = Debug|Any CPU
		{86D19F69-E8FB-4AB4-84BA-327BC59CCB36}.Debug|Any CPU.Build.0 = Debug|Any CPU
		{86D19F69-E8FB-4AB4-84BA-327BC59CCB36}.Release|Any CPU.ActiveCfg = Release|Any CPU
		{86D19F69-E8FB-4AB4-84BA-327BC59CCB36}.Release|Any CPU.Build.0 = Release|Any CPU
		{45188A82-0258-4118-86FF-B8474188A295}.Debug|Any CPU.ActiveCfg = Debug|Any CPU
		{45188A82-0258-4118-86FF-B8474188A295}.Debug|Any CPU.Build.0 = Debug|Any CPU
		{45188A82-0258-4118-86FF-B8474188A295}.Release|Any CPU.ActiveCfg = Release|Any CPU
		{45188A82-0258-4118-86FF-B8474188A295}.Release|Any CPU.Build.0 = Release|Any CPU
		{2840C384-7EFA-4D46-846C-90F83D2B77F2}.Debug|Any CPU.ActiveCfg = Debug|Any CPU
		{2840C384-7EFA-4D46-846C-90F83D2B77F2}.Debug|Any CPU.Build.0 = Debug|Any CPU
		{2840C384-7EFA-4D46-846C-90F83D2B77F2}.Release|Any CPU.ActiveCfg = Release|Any CPU
		{2840C384-7EFA-4D46-846C-90F83D2B77F2}.Release|Any CPU.Build.0 = Release|Any CPU
	EndGlobalSection
	GlobalSection(SolutionProperties) = preSolution
		HideSolutionNode = FALSE
	EndGlobalSection
	GlobalSection(ExtensibilityGlobals) = postSolution
		SolutionGuid = {23FB525E-5504-442D-BF11-33FAEFF5635E}
	EndGlobalSection
EndGlobal
